# This file is autogenerated, do not edit; changes may be undone by the next 'dep ensure'.


[[projects]]
  name = "github.com/davecgh/go-spew"
  packages = ["spew"]
  revision = "346938d642f2ec3594ed81d874461961cd0faa76"
  version = "v1.1.0"

[[projects]]
  name = "github.com/golang/protobuf"
  packages = ["proto"]
  revision = "925541529c1fa6821df4e44ce2723319eb2be768"
  version = "v1.0.0"

[[projects]]
  branch = "master"
  name = "github.com/paulmach/orb"
  packages = [
    ".",
    "geojson"
  ]
  revision = "315e2ac4d3bb4da3778d409e7d30864ef0ceef9f"

[solve-meta]
  analyzer-name = "dep"
  analyzer-version = 1
  inputs-digest = "c2c6ddbd1eda25b06cbbca9fa65fb76f664ed0899ba982ea1d1cde3e33060f61"
  solver-name = "gps-cdcl"
  solver-version = 1
